
Microsoft Visual Studio Solution File, Format Version 12.00
# Visual Studio Version 16
VisualStudioVersion = 16.0.29609.76
MinimumVisualStudioVersion = 10.0.40219.1
Project("{9A19103F-16F7-4668-BE54-9A1E7A4F7556}") = "QcVmtCreator", "QcVmtCreator.csproj", "{BDB7E653-015E-4DC8-9A06-B40D7C50925B}"
EndProject
Project("{2150E333-8FDC-42A3-9474-1A3956D46DE8}") = "Solution Items", "Solution Items", "{E954D900-A0B3-429C-BE76-72E19DB02192}"
	ProjectSection(SolutionItems) = preProject
		..\..\..\Gmod files\AAA Projekty\electronic roulette\export\mat_base.vmt = ..\..\..\Gmod files\AAA Projekty\electronic roulette\export\mat_base.vmt
		..\..\..\Gmod files\AAA Projekty\electronic roulette\export\mat_glow.vmt = ..\..\..\Gmod files\AAA Projekty\electronic roulette\export\mat_glow.vmt
		..\..\..\Gmod files\AAA Projekty\electronic roulette\export\mat_gold.vmt = ..\..\..\Gmod files\AAA Projekty\electronic roulette\export\mat_gold.vmt
		..\..\..\Gmod files\AAA Projekty\electronic roulette\export\QCVMTCREATOR\qc.qc = ..\..\..\Gmod files\AAA Projekty\electronic roulette\export\QCVMTCREATOR\qc.qc
		..\..\..\Gmod files\AAA Projekty\electronic roulette\export\QCVMTCREATOR\qc_p.qc = ..\..\..\Gmod files\AAA Projekty\electronic roulette\export\QCVMTCREATOR\qc_p.qc
	EndProjectSection
EndProject
Global
	GlobalSection(SolutionConfigurationPlatforms) = preSolution
		Debug|Any CPU = Debug|Any CPU
		Release|Any CPU = Release|Any CPU
	EndGlobalSection
	GlobalSection(ProjectConfigurationPlatforms) = postSolution
		{BDB7E653-015E-4DC8-9A06-B40D7C50925B}.Debug|Any CPU.ActiveCfg = Debug|Any CPU
		{BDB7E653-015E-4DC8-9A06-B40D7C50925B}.Debug|Any CPU.Build.0 = Debug|Any CPU
		{BDB7E653-015E-4DC8-9A06-B40D7C50925B}.Release|Any CPU.ActiveCfg = Release|Any CPU
		{BDB7E653-015E-4DC8-9A06-B40D7C50925B}.Release|Any CPU.Build.0 = Release|Any CPU
	EndGlobalSection
	GlobalSection(SolutionProperties) = preSolution
		HideSolutionNode = FALSE
	EndGlobalSection
	GlobalSection(ExtensibilityGlobals) = postSolution
		SolutionGuid = {480B11B4-B5A2-4AE2-B279-67AD5560F618}
	EndGlobalSection
EndGlobal
